// !$*UTF8*$!
{
	archiveVersion = 1;
	classes = {
	};
	objectVersion = 56;
	objects = {

/* Begin PBXBuildFile section */
		1F5F72002938F86C000E23F2 /* main.swift in Sources */ = {isa = PBXBuildFile; fileRef = 1F5F71FF2938F86C000E23F2 /* main.swift */; };
		1F5F72072938F880000E23F2 /* util.swift in Sources */ = {isa = PBXBuildFile; fileRef = 1F5F72062938F880000E23F2 /* util.swift */; };
		1F5F72092938F8BD000E23F2 /* day01.swift in Sources */ = {isa = PBXBuildFile; fileRef = 1F5F72082938F8BD000E23F2 /* day01.swift */; };
		1F5F721129393BB6000E23F2 /* day02.swift in Sources */ = {isa = PBXBuildFile; fileRef = 1F5F721029393BB6000E23F2 /* day02.swift */; };
/* End PBXBuildFile section */

/* Begin PBXCopyFilesBuildPhase section */
		1F5F71FA2938F86C000E23F2 /* CopyFiles */ = {
			isa = PBXCopyFilesBuildPhase;
			buildActionMask = 2147483647;
			dstPath = /usr/share/man/man1/;
			dstSubfolderSpec = 0;
			files = (
			);
			runOnlyForDeploymentPostprocessing = 1;
		};
/* End PBXCopyFilesBuildPhase section */

/* Begin PBXFileReference section */
		1F5F71FC2938F86C000E23F2 /* AoC2022 */ = {isa = PBXFileReference; explicitFileType = "compiled.mach-o.executable"; includeInIndex = 0; path = AoC2022; sourceTree = BUILT_PRODUCTS_DIR; };
		1F5F71FF2938F86C000E23F2 /* main.swift */ = {isa = PBXFileReference; lastKnownFileType = sourcecode.swift; path = main.swift; sourceTree = "<group>"; };
		1F5F72062938F880000E23F2 /* util.swift */ = {isa = PBXFileReference; fileEncoding = 4; lastKnownFileType = sourcecode.swift; path = util.swift; sourceTree = "<group>"; };
		1F5F72082938F8BD000E23F2 /* day01.swift */ = {isa = PBXFileReference; lastKnownFileType = sourcecode.swift; path = day01.swift; sourceTree = "<group>"; };
		1F5F720B2938F92C000E23F2 /* day01.test */ = {isa = PBXFileReference; lastKnownFileType = text; path = day01.test; sourceTree = "<group>"; };
		1F5F720D29390B19000E23F2 /* day01.input */ = {isa = PBXFileReference; lastKnownFileType = text; path = day01.input; sourceTree = "<group>"; };
		1F5F720E29393BA5000E23F2 /* day02.input */ = {isa = PBXFileReference; lastKnownFileType = text; path = day02.input; sourceTree = "<group>"; };
		1F5F720F29393BAE000E23F2 /* day02.test */ = {isa = PBXFileReference; lastKnownFileType = text; path = day02.test; sourceTree = "<group>"; };
		1F5F721029393BB6000E23F2 /* day02.swift */ = {isa = PBXFileReference; lastKnownFileType = sourcecode.swift; path = day02.swift; sourceTree = "<group>"; };
/* End PBXFileReference section */

/* Begin PBXFrameworksBuildPhase section */
		1F5F71F92938F86C000E23F2 /* Frameworks */ = {
			isa = PBXFrameworksBuildPhase;
			buildActionMask = 2147483647;
			files = (
			);
			runOnlyForDeploymentPostprocessing = 0;
		};
/* End PBXFrameworksBuildPhase section */

/* Begin PBXGroup section */
		1F5F71F32938F86C000E23F2 = {
			isa = PBXGroup;
			children = (
				1F5F71FE2938F86C000E23F2 /* AoC2022 */,
				1F5F71FD2938F86C000E23F2 /* Products */,
			);
			sourceTree = "<group>";
		};
		1F5F71FD2938F86C000E23F2 /* Products */ = {
			isa = PBXGroup;
			children = (
				1F5F71FC2938F86C000E23F2 /* AoC2022 */,
			);
			name = Products;
			sourceTree = "<group>";
		};
		1F5F71FE2938F86C000E23F2 /* AoC2022 */ = {
			isa = PBXGroup;
			children = (
				1F5F71FF2938F86C000E23F2 /* main.swift */,
				1F5F72082938F8BD000E23F2 /* day01.swift */,
				1F5F721029393BB6000E23F2 /* day02.swift */,
				1F5F720C2938FAD5000E23F2 /* Resourcees */,
			);
			path = AoC2022;
			sourceTree = "<group>";
		};
		1F5F720C2938FAD5000E23F2 /* Resourcees */ = {
			isa = PBXGroup;
			children = (
				1F5F72062938F880000E23F2 /* util.swift */,
				1F5F720B2938F92C000E23F2 /* day01.test */,
				1F5F720D29390B19000E23F2 /* day01.input */,
				1F5F720F29393BAE000E23F2 /* day02.test */,
				1F5F720E29393BA5000E23F2 /* day02.input */,
			);
			path = Resourcees;
			sourceTree = "<group>";
		};
/* End PBXGroup section */

/* Begin PBXNativeTarget section */
		1F5F71FB2938F86C000E23F2 /* AoC2022 */ = {
			isa = PBXNativeTarget;
			buildConfigurationList = 1F5F72032938F86C000E23F2 /* Build configuration list for PBXNativeTarget "AoC2022" */;
			buildPhases = (
				1F5F71F82938F86C000E23F2 /* Sources */,
				1F5F71F92938F86C000E23F2 /* Frameworks */,
				1F5F71FA2938F86C000E23F2 /* CopyFiles */,
			);
			buildRules = (
			);
			dependencies = (
			);
			name = AoC2022;
			productName = AoC2022;
			productReference = 1F5F71FC2938F86C000E23F2 /* AoC2022 */;
			productType = "com.apple.product-type.tool";
		};
/* End PBXNativeTarget section */

/* Begin PBXProject section */
		1F5F71F42938F86C000E23F2 /* Project object */ = {
			isa = PBXProject;
			attributes = {
				BuildIndependentTargetsInParallel = 1;
				LastSwiftUpdateCheck = 1410;
				LastUpgradeCheck = 1410;
				TargetAttributes = {
					1F5F71FB2938F86C000E23F2 = {
						CreatedOnToolsVersion = 14.1;
					};
				};
			};
			buildConfigurationList = 1F5F71F72938F86C000E23F2 /* Build configuration list for PBXProject "AoC2022" */;
			compatibilityVersion = "Xcode 14.0";
			developmentRegion = en;
			hasScannedForEncodings = 0;
			knownRegions = (
				en,
				Base,
			);
			mainGroup = 1F5F71F32938F86C000E23F2;
			productRefGroup = 1F5F71FD2938F86C000E23F2 /* Products */;
			projectDirPath = "";
			projectRoot = "";
			targets = (
				1F5F71FB2938F86C000E23F2 /* AoC2022 */,
			);
		};
/* End PBXProject section */

/* Begin PBXSourcesBuildPhase section */
		1F5F71F82938F86C000E23F2 /* Sources */ = {
			isa = PBXSourcesBuildPhase;
			buildActionMask = 2147483647;
			files = (
				1F5F72002938F86C000E23F2 /* main.swift in Sources */,
				1F5F72072938F880000E23F2 /* util.swift in Sources */,
				1F5F721129393BB6000E23F2 /* day02.swift in Sources */,
				1F5F72092938F8BD000E23F2 /* day01.swift in Sources */,
			);
			runOnlyForDeploymentPostprocessing = 0;
		};
/* End PBXSourcesBuildPhase section */

/* Begin XCBuildConfiguration section */
		1F5F72012938F86C000E23F2 /* Debug */ = {
			isa = XCBuildConfiguration;
			buildSettings = {
				ALWAYS_SEARCH_USER_PATHS = NO;
				CLANG_ANALYZER_NONNULL = YES;
				CLANG_ANALYZER_NUMBER_OBJECT_CONVERSION = YES_AGGRESSIVE;
				CLANG_CXX_LANGUAGE_STANDARD = "gnu++20";
				CLANG_ENABLE_MODULES = YES;
				CLANG_ENABLE_OBJC_ARC = YES;
				CLANG_ENABLE_OBJC_WEAK = YES;
				CLANG_WARN_BLOCK_CAPTURE_AUTORELEASING = YES;
				CLANG_WARN_BOOL_CONVERSION = YES;
				CLANG_WARN_COMMA = YES;
				CLANG_WARN_CONSTANT_CONVERSION = YES;
				CLANG_WARN_DEPRECATED_OBJC_IMPLEMENTATIONS = YES;
				CLANG_WARN_DIRECT_OBJC_ISA_USAGE = YES_ERROR;
				CLANG_WARN_DOCUMENTATION_COMMENTS = YES;
				CLANG_WARN_EMPTY_BODY = YES;
				CLANG_WARN_ENUM_CONVERSION = YES;
				CLANG_WARN_INFINITE_RECURSION = YES;
				CLANG_WARN_INT_CONVERSION = YES;
				CLANG_WARN_NON_LITERAL_NULL_CONVERSION = YES;
				CLANG_WARN_OBJC_IMPLICIT_RETAIN_SELF = YES;
				CLANG_WARN_OBJC_LITERAL_CONVERSION = YES;
				CLANG_WARN_OBJC_ROOT_CLASS = YES_ERROR;
				CLANG_WARN_QUOTED_INCLUDE_IN_FRAMEWORK_HEADER = YES;
				CLANG_WARN_RANGE_LOOP_ANALYSIS = YES;
				CLANG_WARN_STRICT_PROTOTYPES = YES;
				CLANG_WARN_SUSPICIOUS_MOVE = YES;
				CLANG_WARN_UNGUARDED_AVAILABILITY = YES_AGGRESSIVE;
				CLANG_WARN_UNREACHABLE_CODE = YES;
				CLANG_WARN__DUPLICATE_METHOD_MATCH = YES;
				COPY_PHASE_STRIP = NO;
				DEBUG_INFORMATION_FORMAT = dwarf;
				ENABLE_STRICT_OBJC_MSGSEND = YES;
				ENABLE_TESTABILITY = YES;
				GCC_C_LANGUAGE_STANDARD = gnu11;
				GCC_DYNAMIC_NO_PIC = NO;
				GCC_NO_COMMON_BLOCKS = YES;
				GCC_OPTIMIZATION_LEVEL = 0;
				GCC_PREPROCESSOR_DEFINITIONS = (
					"DEBUG=1",
					"$(inherited)",
				);
				GCC_WARN_64_TO_32_BIT_CONVERSION = YES;
				GCC_WARN_ABOUT_RETURN_TYPE = YES_ERROR;
				GCC_WARN_UNDECLARED_SELECTOR = YES;
				GCC_WARN_UNINITIALIZED_AUTOS = YES_AGGRESSIVE;
				GCC_WARN_UNUSED_FUNCTION = YES;
				GCC_WARN_UNUSED_VARIABLE = YES;
				MACOSX_DEPLOYMENT_TARGET = 13.0;
				MTL_ENABLE_DEBUG_INFO = INCLUDE_SOURCE;
				MTL_FAST_MATH = YES;
				ONLY_ACTIVE_ARCH = YES;
				SDKROOT = macosx;
				SWIFT_ACTIVE_COMPILATION_CONDITIONS = DEBUG;
				SWIFT_OPTIMIZATION_LEVEL = "-Onone";
			};
			name = Debug;
		};
		1F5F72022938F86C000E23F2 /* Release */ = {
			isa = XCBuildConfiguration;
			buildSettings = {
				ALWAYS_SEARCH_USER_PATHS = NO;
				CLANG_ANALYZER_NONNULL = YES;
				CLANG_ANALYZER_NUMBER_OBJECT_CONVERSION = YES_AGGRESSIVE;
				CLANG_CXX_LANGUAGE_STANDARD = "gnu++20";
				CLANG_ENABLE_MODULES = YES;
				CLANG_ENABLE_OBJC_ARC = YES;
				CLANG_ENABLE_OBJC_WEAK = YES;
				CLANG_WARN_BLOCK_CAPTURE_AUTORELEASING = YES;
				CLANG_WARN_BOOL_CONVERSION = YES;
				CLANG_WARN_COMMA = YES;
				CLANG_WARN_CONSTANT_CONVERSION = YES;
				CLANG_WARN_DEPRECATED_OBJC_IMPLEMENTATIONS = YES;
				CLANG_WARN_DIRECT_OBJC_ISA_USAGE = YES_ERROR;
				CLANG_WARN_DOCUMENTATION_COMMENTS = YES;
				CLANG_WARN_EMPTY_BODY = YES;
				CLANG_WARN_ENUM_CONVERSION = YES;
				CLANG_WARN_INFINITE_RECURSION = YES;
				CLANG_WARN_INT_CONVERSION = YES;
				CLANG_WARN_NON_LITERAL_NULL_CONVERSION = YES;
				CLANG_WARN_OBJC_IMPLICIT_RETAIN_SELF = YES;
				CLANG_WARN_OBJC_LITERAL_CONVERSION = YES;
				CLANG_WARN_OBJC_ROOT_CLASS = YES_ERROR;
				CLANG_WARN_QUOTED_INCLUDE_IN_FRAMEWORK_HEADER = YES;
				CLANG_WARN_RANGE_LOOP_ANALYSIS = YES;
				CLANG_WARN_STRICT_PROTOTYPES = YES;
				CLANG_WARN_SUSPICIOUS_MOVE = YES;
				CLANG_WARN_UNGUARDED_AVAILABILITY = YES_AGGRESSIVE;
				CLANG_WARN_UNREACHABLE_CODE = YES;
				CLANG_WARN__DUPLICATE_METHOD_MATCH = YES;
				COPY_PHASE_STRIP = NO;
				DEBUG_INFORMATION_FORMAT = "dwarf-with-dsym";
				ENABLE_NS_ASSERTIONS = NO;
				ENABLE_STRICT_OBJC_MSGSEND = YES;
				GCC_C_LANGUAGE_STANDARD = gnu11;
				GCC_NO_COMMON_BLOCKS = YES;
				GCC_WARN_64_TO_32_BIT_CONVERSION = YES;
				GCC_WARN_ABOUT_RETURN_TYPE = YES_ERROR;
				GCC_WARN_UNDECLARED_SELECTOR = YES;
				GCC_WARN_UNINITIALIZED_AUTOS = YES_AGGRESSIVE;
				GCC_WARN_UNUSED_FUNCTION = YES;
				GCC_WARN_UNUSED_VARIABLE = YES;
				MACOSX_DEPLOYMENT_TARGET = 13.0;
				MTL_ENABLE_DEBUG_INFO = NO;
				MTL_FAST_MATH = YES;
				SDKROOT = macosx;
				SWIFT_COMPILATION_MODE = wholemodule;
				SWIFT_OPTIMIZATION_LEVEL = "-O";
			};
			name = Release;
		};
		1F5F72042938F86C000E23F2 /* Debug */ = {
			isa = XCBuildConfiguration;
			buildSettings = {
				CODE_SIGN_STYLE = Automatic;
				DEVELOPMENT_TEAM = P3K32DW2KW;
				ENABLE_HARDENED_RUNTIME = YES;
				PRODUCT_NAME = "$(TARGET_NAME)";
				SWIFT_VERSION = 5.0;
			};
			name = Debug;
		};
		1F5F72052938F86C000E23F2 /* Release */ = {
			isa = XCBuildConfiguration;
			buildSettings = {
				CODE_SIGN_STYLE = Automatic;
				DEVELOPMENT_TEAM = P3K32DW2KW;
				ENABLE_HARDENED_RUNTIME = YES;
				PRODUCT_NAME = "$(TARGET_NAME)";
				SWIFT_VERSION = 5.0;
			};
			name = Release;
		};
/* End XCBuildConfiguration section */

/* Begin XCConfigurationList section */
		1F5F71F72938F86C000E23F2 /* Build configuration list for PBXProject "AoC2022" */ = {
			isa = XCConfigurationList;
			buildConfigurations = (
				1F5F72012938F86C000E23F2 /* Debug */,
				1F5F72022938F86C000E23F2 /* Release */,
			);
			defaultConfigurationIsVisible = 0;
			defaultConfigurationName = Release;
		};
		1F5F72032938F86C000E23F2 /* Build configuration list for PBXNativeTarget "AoC2022" */ = {
			isa = XCConfigurationList;
			buildConfigurations = (
				1F5F72042938F86C000E23F2 /* Debug */,
				1F5F72052938F86C000E23F2 /* Release */,
			);
			defaultConfigurationIsVisible = 0;
			defaultConfigurationName = Release;
		};
/* End XCConfigurationList section */
	};
	rootObject = 1F5F71F42938F86C000E23F2 /* Project object */;
}
